{
  "nodes": {
    "nixpkgs": {
      "locked": {
        "lastModified": 0,
        "narHash": "sha256-AAiPPnb8K5UUrH85txH5dUcgWfsZ224swe79RYlqhEk=",
        "path": "/nix/store/h8k5n9c8zj1vsxh98xqffxzy77ncpypx-source",
        "type": "path"
      },
      "original": {
        "id": "nixpkgs",
        "type": "indirect"
      }
    },
    "root": {
      "inputs": {
        "nixpkgs": "nixpkgs"
      }
    }
  },
  "root": "root",
  "version": 7
}
